
Microsoft Visual Studio Solution File, Format Version 12.00
# Visual Studio Version 17
VisualStudioVersion = 17.1.32407.343
MinimumVisualStudioVersion = 10.0.40219.1
Project("{9A19103F-16F7-4668-BE54-9A1E7A4F7556}") = "VacationPlannerAPI", "VacationPlannerAPI.csproj", "{96CD9535-F77B-429E-825D-7D7BBD23F724}"
EndProject
Project("{9A19103F-16F7-4668-BE54-9A1E7A4F7556}") = "VacationPlannerWPFApp", "..\VacationPlannerWPFApp\VacationPlannerWPFApp.csproj", "{9384B6BA-C6BF-40FA-B551-10C2721B050C}"
EndProject
Project("{54435603-DBB4-11D2-8724-00A0C9A8B90C}") = "VacationPlannerWPFInstaller", "..\VacationPlannerWPFInstaller\VacationPlannerWPFInstaller.vdproj", "{FBCCA5A0-F036-4DC8-BAFF-64B1B5A8BC52}"
EndProject
Global
	GlobalSection(SolutionConfigurationPlatforms) = preSolution
		Debug|Any CPU = Debug|Any CPU
		Release|Any CPU = Release|Any CPU
	EndGlobalSection
	GlobalSection(ProjectConfigurationPlatforms) = postSolution
		{96CD9535-F77B-429E-825D-7D7BBD23F724}.Debug|Any CPU.ActiveCfg = Debug|Any CPU
		{96CD9535-F77B-429E-825D-7D7BBD23F724}.Debug|Any CPU.Build.0 = Debug|Any CPU
		{96CD9535-F77B-429E-825D-7D7BBD23F724}.Release|Any CPU.ActiveCfg = Release|Any CPU
		{96CD9535-F77B-429E-825D-7D7BBD23F724}.Release|Any CPU.Build.0 = Release|Any CPU
		{9384B6BA-C6BF-40FA-B551-10C2721B050C}.Debug|Any CPU.ActiveCfg = Debug|Any CPU
		{9384B6BA-C6BF-40FA-B551-10C2721B050C}.Debug|Any CPU.Build.0 = Debug|Any CPU
		{9384B6BA-C6BF-40FA-B551-10C2721B050C}.Release|Any CPU.ActiveCfg = Release|Any CPU
		{9384B6BA-C6BF-40FA-B551-10C2721B050C}.Release|Any CPU.Build.0 = Release|Any CPU
		{FBCCA5A0-F036-4DC8-BAFF-64B1B5A8BC52}.Debug|Any CPU.ActiveCfg = Debug
		{FBCCA5A0-F036-4DC8-BAFF-64B1B5A8BC52}.Release|Any CPU.ActiveCfg = Release
	EndGlobalSection
	GlobalSection(SolutionProperties) = preSolution
		HideSolutionNode = FALSE
	EndGlobalSection
	GlobalSection(ExtensibilityGlobals) = postSolution
		SolutionGuid = {DE60F121-A3FC-47B0-9DFC-5136F574F9CD}
	EndGlobalSection
EndGlobal
